
Microsoft Visual Studio Solution File, Format Version 12.00
# Visual Studio 15
Project("{FAE04EC0-301F-11D3-BF4B-00C04F79EFBC}") = "UnityEngine.TestRunner", "UnityEngine.TestRunner.csproj", "{6EC696C0-1E74-E81A-552D-0BFA48D3E35A}"
EndProject
Project("{FAE04EC0-301F-11D3-BF4B-00C04F79EFBC}") = "UnityEngine.UI", "UnityEngine.UI.csproj", "{CAEAC00A-11B3-D7FF-7B0E-B73F8F5AEC3F}"
EndProject
Project("{FAE04EC0-301F-11D3-BF4B-00C04F79EFBC}") = "Assembly-CSharp", "Assembly-CSharp.csproj", "{B164A962-072D-E288-C225-DF48AEEBB4B8}"
EndProject
Project("{FAE04EC0-301F-11D3-BF4B-00C04F79EFBC}") = "Unity.Timeline", "Unity.Timeline.csproj", "{0B2322D3-FEF5-529E-77C0-B648CF05FA3C}"
EndProject
Project("{FAE04EC0-301F-11D3-BF4B-00C04F79EFBC}") = "Unity.TextMeshPro", "Unity.TextMeshPro.csproj", "{57ECC2A0-9F64-1056-79A9-2D3F73F780F7}"
EndProject
Project("{FAE04EC0-301F-11D3-BF4B-00C04F79EFBC}") = "Unity.2D.PixelPerfect", "Unity.2D.PixelPerfect.csproj", "{CB2EB950-FAD6-3411-62AD-57CEB72B9C99}"
EndProject
Project("{FAE04EC0-301F-11D3-BF4B-00C04F79EFBC}") = "Unity.Timeline.Editor", "Unity.Timeline.Editor.csproj", "{C4C54B85-F972-95CE-C8B0-46D3DFA5B76E}"
EndProject
Project("{FAE04EC0-301F-11D3-BF4B-00C04F79EFBC}") = "UnityEditor.TestRunner", "UnityEditor.TestRunner.csproj", "{C5FFD51C-39A5-4D24-5D2D-F60888CCE935}"
EndProject
Project("{FAE04EC0-301F-11D3-BF4B-00C04F79EFBC}") = "UnityEditor.UI", "UnityEditor.UI.csproj", "{EA25A152-3A33-D853-65F2-8E82231637A9}"
EndProject
Project("{FAE04EC0-301F-11D3-BF4B-00C04F79EFBC}") = "Unity.VisualStudio.Editor", "Unity.VisualStudio.Editor.csproj", "{A6027302-E55A-CE37-BA5E-B00EFD83D017}"
EndProject
Project("{FAE04EC0-301F-11D3-BF4B-00C04F79EFBC}") = "Unity.TextMeshPro.Editor", "Unity.TextMeshPro.Editor.csproj", "{16225C61-AF03-A03B-8051-6426C1979368}"
EndProject
Project("{FAE04EC0-301F-11D3-BF4B-00C04F79EFBC}") = "Unity.CollabProxy.Editor", "Unity.CollabProxy.Editor.csproj", "{9B6532F1-4284-0D9B-8DEB-3251E7516479}"
EndProject
Project("{FAE04EC0-301F-11D3-BF4B-00C04F79EFBC}") = "Unity.2D.Tilemap.Editor", "Unity.2D.Tilemap.Editor.csproj", "{C2D847F4-43FF-C188-48CA-B2FFC7C55BD0}"
EndProject
Project("{FAE04EC0-301F-11D3-BF4B-00C04F79EFBC}") = "Unity.VSCode.Editor", "Unity.VSCode.Editor.csproj", "{2BDDFD9F-7775-2F99-18BC-7EA0463E88EF}"
EndProject
Project("{FAE04EC0-301F-11D3-BF4B-00C04F79EFBC}") = "Unity.Rider.Editor", "Unity.Rider.Editor.csproj", "{D912CB33-F875-D719-222C-6A167E6D5A0C}"
EndProject
Project("{FAE04EC0-301F-11D3-BF4B-00C04F79EFBC}") = "Unity.2D.Sprite.Editor", "Unity.2D.Sprite.Editor.csproj", "{03F33300-CFFA-2338-42E6-01EEBE3FCC2C}"
EndProject
Project("{FAE04EC0-301F-11D3-BF4B-00C04F79EFBC}") = "Unity.2D.PixelPerfect.Editor", "Unity.2D.PixelPerfect.Editor.csproj", "{A86E9216-81C3-AD66-89F0-09FE4013BF72}"
EndProject
Project("{FAE04EC0-301F-11D3-BF4B-00C04F79EFBC}") = "UnityEngine.TestRunner", "UnityEngine.TestRunner.Player.csproj", "{6919A5B4-D70A-3E47-768B-FC60A10093A5}"
EndProject
Project("{FAE04EC0-301F-11D3-BF4B-00C04F79EFBC}") = "UnityEngine.UI", "UnityEngine.UI.Player.csproj", "{8B05EE9A-229B-A70B-459C-6B34E78A4F30}"
EndProject
Project("{FAE04EC0-301F-11D3-BF4B-00C04F79EFBC}") = "Assembly-CSharp", "Assembly-CSharp.Player.csproj", "{4896D146-DFBB-4D9D-4B84-EC4343F062DC}"
EndProject
Project("{FAE04EC0-301F-11D3-BF4B-00C04F79EFBC}") = "Unity.Timeline", "Unity.Timeline.Player.csproj", "{B8DEA52A-F4BF-5FB1-14D8-C61317C7FA64}"
EndProject
Project("{FAE04EC0-301F-11D3-BF4B-00C04F79EFBC}") = "Unity.TextMeshPro", "Unity.TextMeshPro.Player.csproj", "{929377F9-7FC8-E0B3-EFD8-FAD4AA85916C}"
EndProject
Project("{FAE04EC0-301F-11D3-BF4B-00C04F79EFBC}") = "Unity.2D.PixelPerfect", "Unity.2D.PixelPerfect.Player.csproj", "{DEBD528A-A527-39B7-7393-49062EB79E03}"
EndProject
Global
	GlobalSection(SolutionConfigurationPlatforms) = preSolution
		Debug|Any CPU = Debug|Any CPU
		Release|Any CPU = Release|Any CPU
	EndGlobalSection
	GlobalSection(ProjectConfigurationPlatforms) = postSolution
		{6EC696C0-1E74-E81A-552D-0BFA48D3E35A}.Debug|Any CPU.ActiveCfg = Debug|Any CPU
		{6EC696C0-1E74-E81A-552D-0BFA48D3E35A}.Debug|Any CPU.Build.0 = Debug|Any CPU
		{6EC696C0-1E74-E81A-552D-0BFA48D3E35A}.Release|Any CPU.ActiveCfg = Release|Any CPU
		{6EC696C0-1E74-E81A-552D-0BFA48D3E35A}.Release|Any CPU.Build.0 = Release|Any CPU
		{CAEAC00A-11B3-D7FF-7B0E-B73F8F5AEC3F}.Debug|Any CPU.ActiveCfg = Debug|Any CPU
		{CAEAC00A-11B3-D7FF-7B0E-B73F8F5AEC3F}.Debug|Any CPU.Build.0 = Debug|Any CPU
		{CAEAC00A-11B3-D7FF-7B0E-B73F8F5AEC3F}.Release|Any CPU.ActiveCfg = Release|Any CPU
		{CAEAC00A-11B3-D7FF-7B0E-B73F8F5AEC3F}.Release|Any CPU.Build.0 = Release|Any CPU
		{B164A962-072D-E288-C225-DF48AEEBB4B8}.Debug|Any CPU.ActiveCfg = Debug|Any CPU
		{B164A962-072D-E288-C225-DF48AEEBB4B8}.Debug|Any CPU.Build.0 = Debug|Any CPU
		{B164A962-072D-E288-C225-DF48AEEBB4B8}.Release|Any CPU.ActiveCfg = Release|Any CPU
		{B164A962-072D-E288-C225-DF48AEEBB4B8}.Release|Any CPU.Build.0 = Release|Any CPU
		{0B2322D3-FEF5-529E-77C0-B648CF05FA3C}.Debug|Any CPU.ActiveCfg = Debug|Any CPU
		{0B2322D3-FEF5-529E-77C0-B648CF05FA3C}.Debug|Any CPU.Build.0 = Debug|Any CPU
		{0B2322D3-FEF5-529E-77C0-B648CF05FA3C}.Release|Any CPU.ActiveCfg = Release|Any CPU
		{0B2322D3-FEF5-529E-77C0-B648CF05FA3C}.Release|Any CPU.Build.0 = Release|Any CPU
		{57ECC2A0-9F64-1056-79A9-2D3F73F780F7}.Debug|Any CPU.ActiveCfg = Debug|Any CPU
		{57ECC2A0-9F64-1056-79A9-2D3F73F780F7}.Debug|Any CPU.Build.0 = Debug|Any CPU
		{57ECC2A0-9F64-1056-79A9-2D3F73F780F7}.Release|Any CPU.ActiveCfg = Release|Any CPU
		{57ECC2A0-9F64-1056-79A9-2D3F73F780F7}.Release|Any CPU.Build.0 = Release|Any CPU
		{CB2EB950-FAD6-3411-62AD-57CEB72B9C99}.Debug|Any CPU.ActiveCfg = Debug|Any CPU
		{CB2EB950-FAD6-3411-62AD-57CEB72B9C99}.Debug|Any CPU.Build.0 = Debug|Any CPU
		{CB2EB950-FAD6-3411-62AD-57CEB72B9C99}.Release|Any CPU.ActiveCfg = Release|Any CPU
		{CB2EB950-FAD6-3411-62AD-57CEB72B9C99}.Release|Any CPU.Build.0 = Release|Any CPU
		{C4C54B85-F972-95CE-C8B0-46D3DFA5B76E}.Debug|Any CPU.ActiveCfg = Debug|Any CPU
		{C4C54B85-F972-95CE-C8B0-46D3DFA5B76E}.Debug|Any CPU.Build.0 = Debug|Any CPU
		{C4C54B85-F972-95CE-C8B0-46D3DFA5B76E}.Release|Any CPU.ActiveCfg = Release|Any CPU
		{C4C54B85-F972-95CE-C8B0-46D3DFA5B76E}.Release|Any CPU.Build.0 = Release|Any CPU
		{C5FFD51C-39A5-4D24-5D2D-F60888CCE935}.Debug|Any CPU.ActiveCfg = Debug|Any CPU
		{C5FFD51C-39A5-4D24-5D2D-F60888CCE935}.Debug|Any CPU.Build.0 = Debug|Any CPU
		{C5FFD51C-39A5-4D24-5D2D-F60888CCE935}.Release|Any CPU.ActiveCfg = Release|Any CPU
		{C5FFD51C-39A5-4D24-5D2D-F60888CCE935}.Release|Any CPU.Build.0 = Release|Any CPU
		{EA25A152-3A33-D853-65F2-8E82231637A9}.Debug|Any CPU.ActiveCfg = Debug|Any CPU
		{EA25A152-3A33-D853-65F2-8E82231637A9}.Debug|Any CPU.Build.0 = Debug|Any CPU
		{EA25A152-3A33-D853-65F2-8E82231637A9}.Release|Any CPU.ActiveCfg = Release|Any CPU
		{EA25A152-3A33-D853-65F2-8E82231637A9}.Release|Any CPU.Build.0 = Release|Any CPU
		{A6027302-E55A-CE37-BA5E-B00EFD83D017}.Debug|Any CPU.ActiveCfg = Debug|Any CPU
		{A6027302-E55A-CE37-BA5E-B00EFD83D017}.Debug|Any CPU.Build.0 = Debug|Any CPU
		{A6027302-E55A-CE37-BA5E-B00EFD83D017}.Release|Any CPU.ActiveCfg = Release|Any CPU
		{A6027302-E55A-CE37-BA5E-B00EFD83D017}.Release|Any CPU.Build.0 = Release|Any CPU
		{16225C61-AF03-A03B-8051-6426C1979368}.Debug|Any CPU.ActiveCfg = Debug|Any CPU
		{16225C61-AF03-A03B-8051-6426C1979368}.Debug|Any CPU.Build.0 = Debug|Any CPU
		{16225C61-AF03-A03B-8051-6426C1979368}.Release|Any CPU.ActiveCfg = Release|Any CPU
		{16225C61-AF03-A03B-8051-6426C1979368}.Release|Any CPU.Build.0 = Release|Any CPU
		{9B6532F1-4284-0D9B-8DEB-3251E7516479}.Debug|Any CPU.ActiveCfg = Debug|Any CPU
		{9B6532F1-4284-0D9B-8DEB-3251E7516479}.Debug|Any CPU.Build.0 = Debug|Any CPU
		{9B6532F1-4284-0D9B-8DEB-3251E7516479}.Release|Any CPU.ActiveCfg = Release|Any CPU
		{9B6532F1-4284-0D9B-8DEB-3251E7516479}.Release|Any CPU.Build.0 = Release|Any CPU
		{C2D847F4-43FF-C188-48CA-B2FFC7C55BD0}.Debug|Any CPU.ActiveCfg = Debug|Any CPU
		{C2D847F4-43FF-C188-48CA-B2FFC7C55BD0}.Debug|Any CPU.Build.0 = Debug|Any CPU
		{C2D847F4-43FF-C188-48CA-B2FFC7C55BD0}.Release|Any CPU.ActiveCfg = Release|Any CPU
		{C2D847F4-43FF-C188-48CA-B2FFC7C55BD0}.Release|Any CPU.Build.0 = Release|Any CPU
		{2BDDFD9F-7775-2F99-18BC-7EA0463E88EF}.Debug|Any CPU.ActiveCfg = Debug|Any CPU
		{2BDDFD9F-7775-2F99-18BC-7EA0463E88EF}.Debug|Any CPU.Build.0 = Debug|Any CPU
		{2BDDFD9F-7775-2F99-18BC-7EA0463E88EF}.Release|Any CPU.ActiveCfg = Release|Any CPU
		{2BDDFD9F-7775-2F99-18BC-7EA0463E88EF}.Release|Any CPU.Build.0 = Release|Any CPU
		{D912CB33-F875-D719-222C-6A167E6D5A0C}.Debug|Any CPU.ActiveCfg = Debug|Any CPU
		{D912CB33-F875-D719-222C-6A167E6D5A0C}.Debug|Any CPU.Build.0 = Debug|Any CPU
		{D912CB33-F875-D719-222C-6A167E6D5A0C}.Release|Any CPU.ActiveCfg = Release|Any CPU
		{D912CB33-F875-D719-222C-6A167E6D5A0C}.Release|Any CPU.Build.0 = Release|Any CPU
		{03F33300-CFFA-2338-42E6-01EEBE3FCC2C}.Debug|Any CPU.ActiveCfg = Debug|Any CPU
		{03F33300-CFFA-2338-42E6-01EEBE3FCC2C}.Debug|Any CPU.Build.0 = Debug|Any CPU
		{03F33300-CFFA-2338-42E6-01EEBE3FCC2C}.Release|Any CPU.ActiveCfg = Release|Any CPU
		{03F33300-CFFA-2338-42E6-01EEBE3FCC2C}.Release|Any CPU.Build.0 = Release|Any CPU
		{A86E9216-81C3-AD66-89F0-09FE4013BF72}.Debug|Any CPU.ActiveCfg = Debug|Any CPU
		{A86E9216-81C3-AD66-89F0-09FE4013BF72}.Debug|Any CPU.Build.0 = Debug|Any CPU
		{A86E9216-81C3-AD66-89F0-09FE4013BF72}.Release|Any CPU.ActiveCfg = Release|Any CPU
		{A86E9216-81C3-AD66-89F0-09FE4013BF72}.Release|Any CPU.Build.0 = Release|Any CPU
		{6919A5B4-D70A-3E47-768B-FC60A10093A5}.Debug|Any CPU.ActiveCfg = Debug|Any CPU
		{6919A5B4-D70A-3E47-768B-FC60A10093A5}.Debug|Any CPU.Build.0 = Debug|Any CPU
		{6919A5B4-D70A-3E47-768B-FC60A10093A5}.Release|Any CPU.ActiveCfg = Release|Any CPU
		{6919A5B4-D70A-3E47-768B-FC60A10093A5}.Release|Any CPU.Build.0 = Release|Any CPU
		{8B05EE9A-229B-A70B-459C-6B34E78A4F30}.Debug|Any CPU.ActiveCfg = Debug|Any CPU
		{8B05EE9A-229B-A70B-459C-6B34E78A4F30}.Debug|Any CPU.Build.0 = Debug|Any CPU
		{8B05EE9A-229B-A70B-459C-6B34E78A4F30}.Release|Any CPU.ActiveCfg = Release|Any CPU
		{8B05EE9A-229B-A70B-459C-6B34E78A4F30}.Release|Any CPU.Build.0 = Release|Any CPU
		{4896D146-DFBB-4D9D-4B84-EC4343F062DC}.Debug|Any CPU.ActiveCfg = Debug|Any CPU
		{4896D146-DFBB-4D9D-4B84-EC4343F062DC}.Debug|Any CPU.Build.0 = Debug|Any CPU
		{4896D146-DFBB-4D9D-4B84-EC4343F062DC}.Release|Any CPU.ActiveCfg = Release|Any CPU
		{4896D146-DFBB-4D9D-4B84-EC4343F062DC}.Release|Any CPU.Build.0 = Release|Any CPU
		{B8DEA52A-F4BF-5FB1-14D8-C61317C7FA64}.Debug|Any CPU.ActiveCfg = Debug|Any CPU
		{B8DEA52A-F4BF-5FB1-14D8-C61317C7FA64}.Debug|Any CPU.Build.0 = Debug|Any CPU
		{B8DEA52A-F4BF-5FB1-14D8-C61317C7FA64}.Release|Any CPU.ActiveCfg = Release|Any CPU
		{B8DEA52A-F4BF-5FB1-14D8-C61317C7FA64}.Release|Any CPU.Build.0 = Release|Any CPU
		{929377F9-7FC8-E0B3-EFD8-FAD4AA85916C}.Debug|Any CPU.ActiveCfg = Debug|Any CPU
		{929377F9-7FC8-E0B3-EFD8-FAD4AA85916C}.Debug|Any CPU.Build.0 = Debug|Any CPU
		{929377F9-7FC8-E0B3-EFD8-FAD4AA85916C}.Release|Any CPU.ActiveCfg = Release|Any CPU
		{929377F9-7FC8-E0B3-EFD8-FAD4AA85916C}.Release|Any CPU.Build.0 = Release|Any CPU
		{DEBD528A-A527-39B7-7393-49062EB79E03}.Debug|Any CPU.ActiveCfg = Debug|Any CPU
		{DEBD528A-A527-39B7-7393-49062EB79E03}.Debug|Any CPU.Build.0 = Debug|Any CPU
		{DEBD528A-A527-39B7-7393-49062EB79E03}.Release|Any CPU.ActiveCfg = Release|Any CPU
		{DEBD528A-A527-39B7-7393-49062EB79E03}.Release|Any CPU.Build.0 = Release|Any CPU
	EndGlobalSection
	GlobalSection(SolutionProperties) = preSolution
		HideSolutionNode = FALSE
	EndGlobalSection
EndGlobal
